
Microsoft Visual Studio Solution File, Format Version 12.00
# Visual Studio Version 17
VisualStudioVersion = 17.11.35222.181
MinimumVisualStudioVersion = 10.0.40219.1
Project("{2150E333-8FDC-42A3-9474-1A3956D46DE8}") = "Services", "Services", "{B397BFA2-E8F7-47E5-ADC6-3F22ED6992E5}"
EndProject
Project("{2150E333-8FDC-42A3-9474-1A3956D46DE8}") = "BuildingBlocks", "BuildingBlocks", "{7658EEA2-1D9D-40DC-8B07-460D9B40ADB7}"
EndProject
Project("{2150E333-8FDC-42A3-9474-1A3956D46DE8}") = "YarpApiGateway", "YarpApiGateway", "{B03FCB3D-93E5-4DD1-BEB2-F0B04185414A}"
EndProject
Project("{9A19103F-16F7-4668-BE54-9A1E7A4F7556}") = "BuildingBlocks", "BuildingBlocks\BuildingBlocks\BuildingBlocks.csproj", "{FDDEA7B3-B6C0-46C1-B3E8-BEE405DF84BF}"
EndProject
Project("{9A19103F-16F7-4668-BE54-9A1E7A4F7556}") = "YarpApiGateway", "YarpApiGateway\YarpApiGateway\YarpApiGateway.csproj", "{3C204AF4-3E68-46AD-BFD1-BE9A656CFC54}"
EndProject
Project("{9A19103F-16F7-4668-BE54-9A1E7A4F7556}") = "BuildingBlocks.Messaging", "BuildingBlocks\BuildingBlocks.Messaging\BuildingBlocks.Messaging.csproj", "{12C69654-3D6C-4C66-8E4F-4D467E705280}"
EndProject
Project("{9A19103F-16F7-4668-BE54-9A1E7A4F7556}") = "Discount.Grpc", "Services\Discount\Discount.Grpc\Discount.Grpc.csproj", "{4C39044B-4073-4D5B-90CB-E35F8A8A13DD}"
EndProject
Project("{E53339B2-1760-4266-BCC7-CA923CBCF16C}") = "docker-compose", "docker-compose.dcproj", "{C9B14402-7350-431B-B2D6-7805326DF945}"
EndProject
Project("{2150E333-8FDC-42A3-9474-1A3956D46DE8}") = "Ordering", "Ordering", "{4C937826-6C10-43C2-A8E4-A704A821A981}"
EndProject
Project("{9A19103F-16F7-4668-BE54-9A1E7A4F7556}") = "Ordering.Infrastructure", "Services\Ordering\Ordering.Infrastructure\Ordering.Infrastructure.csproj", "{61800D20-E960-4FDF-886E-D0B95F13E7D7}"
EndProject
Project("{9A19103F-16F7-4668-BE54-9A1E7A4F7556}") = "Ordering.Domain", "Services\Ordering\Ordering.Domain\Ordering.Domain.csproj", "{6B174394-8587-4D37-B879-4ACA65FB7872}"
EndProject
Project("{9A19103F-16F7-4668-BE54-9A1E7A4F7556}") = "Ordering.Application", "Services\Ordering\Ordering.Application\Ordering.Application.csproj", "{C3625C6F-AE68-4A9C-A3ED-FC4157B8D36B}"
EndProject
Project("{2150E333-8FDC-42A3-9474-1A3956D46DE8}") = "Notes", "Notes", "{4A710381-B6B4-45B5-AD03-B4BFB2B5E255}"
	ProjectSection(SolutionItems) = preProject
		Note = Note
	EndProjectSection
EndProject
Project("{9A19103F-16F7-4668-BE54-9A1E7A4F7556}") = "Ordering.API", "Services\Ordering\Ordering.API\Ordering.API.csproj", "{25E5F97E-B7E7-4216-8EC9-A87B755F3CD4}"
EndProject
Project("{9A19103F-16F7-4668-BE54-9A1E7A4F7556}") = "IdentityServer", "Services\Auth\IdentityServer\IdentityServer.csproj", "{5E608089-F030-49A5-B51A-0B8D990075FF}"
EndProject
Project("{2150E333-8FDC-42A3-9474-1A3956D46DE8}") = "OcelotApiGateway", "OcelotApiGateway", "{C4AFBD69-F0A2-4D91-8146-366E85CE7E64}"
EndProject
Project("{9A19103F-16F7-4668-BE54-9A1E7A4F7556}") = "OcelotApiGateway", "OcelotApiGateway\OcelotApiGateway\OcelotApiGateway.csproj", "{DE4BA5C7-5518-4D31-8808-39DF8E09157A}"
EndProject
Project("{2150E333-8FDC-42A3-9474-1A3956D46DE8}") = "Catalog", "Catalog", "{BD75EB75-4E06-4E6F-AD64-950D9F021C94}"
EndProject
Project("{9A19103F-16F7-4668-BE54-9A1E7A4F7556}") = "Catalog.API", "Services\Catalog\Catalog.API\Catalog.API.csproj", "{55924F53-752F-4B16-A57E-F2F152EAFEA6}"
EndProject
Project("{9A19103F-16F7-4668-BE54-9A1E7A4F7556}") = "Catalog.Application", "Services\Catalog\Catalog.Application\Catalog.Application.csproj", "{A2512FCF-D95C-4108-8284-3FE629F92A25}"
EndProject
Project("{9A19103F-16F7-4668-BE54-9A1E7A4F7556}") = "Catalog.Domain", "Services\Catalog\Catalog.Domain\Catalog.Domain.csproj", "{ADEDF36D-5820-4EE4-9FA0-DF937D350B32}"
EndProject
Project("{9A19103F-16F7-4668-BE54-9A1E7A4F7556}") = "Catalog.Infrastructure", "Services\Catalog\Catalog.Infrastructure\Catalog.Infrastructure.csproj", "{34AE7122-C570-436A-8514-8AFC8DA37D9C}"
EndProject
Project("{2150E333-8FDC-42A3-9474-1A3956D46DE8}") = "ShoppingCart", "ShoppingCart", "{2E62489E-72DB-4437-9BFD-B7384D8D179C}"
EndProject
Project("{9A19103F-16F7-4668-BE54-9A1E7A4F7556}") = "ShoppingCart.API", "Services\ShoppingCart\ShoppingCart.API\ShoppingCart.API.csproj", "{C70E2D12-0020-4E34-AE2B-5186A737D09B}"
EndProject
Global
	GlobalSection(SolutionConfigurationPlatforms) = preSolution
		Debug|Any CPU = Debug|Any CPU
		Release|Any CPU = Release|Any CPU
	EndGlobalSection
	GlobalSection(ProjectConfigurationPlatforms) = postSolution
		{FDDEA7B3-B6C0-46C1-B3E8-BEE405DF84BF}.Debug|Any CPU.ActiveCfg = Debug|Any CPU
		{FDDEA7B3-B6C0-46C1-B3E8-BEE405DF84BF}.Debug|Any CPU.Build.0 = Debug|Any CPU
		{FDDEA7B3-B6C0-46C1-B3E8-BEE405DF84BF}.Release|Any CPU.ActiveCfg = Release|Any CPU
		{FDDEA7B3-B6C0-46C1-B3E8-BEE405DF84BF}.Release|Any CPU.Build.0 = Release|Any CPU
		{3C204AF4-3E68-46AD-BFD1-BE9A656CFC54}.Debug|Any CPU.ActiveCfg = Debug|Any CPU
		{3C204AF4-3E68-46AD-BFD1-BE9A656CFC54}.Debug|Any CPU.Build.0 = Debug|Any CPU
		{3C204AF4-3E68-46AD-BFD1-BE9A656CFC54}.Release|Any CPU.ActiveCfg = Release|Any CPU
		{3C204AF4-3E68-46AD-BFD1-BE9A656CFC54}.Release|Any CPU.Build.0 = Release|Any CPU
		{12C69654-3D6C-4C66-8E4F-4D467E705280}.Debug|Any CPU.ActiveCfg = Debug|Any CPU
		{12C69654-3D6C-4C66-8E4F-4D467E705280}.Debug|Any CPU.Build.0 = Debug|Any CPU
		{12C69654-3D6C-4C66-8E4F-4D467E705280}.Release|Any CPU.ActiveCfg = Release|Any CPU
		{12C69654-3D6C-4C66-8E4F-4D467E705280}.Release|Any CPU.Build.0 = Release|Any CPU
		{4C39044B-4073-4D5B-90CB-E35F8A8A13DD}.Debug|Any CPU.ActiveCfg = Debug|Any CPU
		{4C39044B-4073-4D5B-90CB-E35F8A8A13DD}.Debug|Any CPU.Build.0 = Debug|Any CPU
		{4C39044B-4073-4D5B-90CB-E35F8A8A13DD}.Release|Any CPU.ActiveCfg = Release|Any CPU
		{4C39044B-4073-4D5B-90CB-E35F8A8A13DD}.Release|Any CPU.Build.0 = Release|Any CPU
		{C9B14402-7350-431B-B2D6-7805326DF945}.Debug|Any CPU.ActiveCfg = Debug|Any CPU
		{C9B14402-7350-431B-B2D6-7805326DF945}.Debug|Any CPU.Build.0 = Debug|Any CPU
		{C9B14402-7350-431B-B2D6-7805326DF945}.Release|Any CPU.ActiveCfg = Release|Any CPU
		{C9B14402-7350-431B-B2D6-7805326DF945}.Release|Any CPU.Build.0 = Release|Any CPU
		{61800D20-E960-4FDF-886E-D0B95F13E7D7}.Debug|Any CPU.ActiveCfg = Debug|Any CPU
		{61800D20-E960-4FDF-886E-D0B95F13E7D7}.Debug|Any CPU.Build.0 = Debug|Any CPU
		{61800D20-E960-4FDF-886E-D0B95F13E7D7}.Release|Any CPU.ActiveCfg = Release|Any CPU
		{61800D20-E960-4FDF-886E-D0B95F13E7D7}.Release|Any CPU.Build.0 = Release|Any CPU
		{6B174394-8587-4D37-B879-4ACA65FB7872}.Debug|Any CPU.ActiveCfg = Debug|Any CPU
		{6B174394-8587-4D37-B879-4ACA65FB7872}.Debug|Any CPU.Build.0 = Debug|Any CPU
		{6B174394-8587-4D37-B879-4ACA65FB7872}.Release|Any CPU.ActiveCfg = Release|Any CPU
		{6B174394-8587-4D37-B879-4ACA65FB7872}.Release|Any CPU.Build.0 = Release|Any CPU
		{C3625C6F-AE68-4A9C-A3ED-FC4157B8D36B}.Debug|Any CPU.ActiveCfg = Debug|Any CPU
		{C3625C6F-AE68-4A9C-A3ED-FC4157B8D36B}.Debug|Any CPU.Build.0 = Debug|Any CPU
		{C3625C6F-AE68-4A9C-A3ED-FC4157B8D36B}.Release|Any CPU.ActiveCfg = Release|Any CPU
		{C3625C6F-AE68-4A9C-A3ED-FC4157B8D36B}.Release|Any CPU.Build.0 = Release|Any CPU
		{25E5F97E-B7E7-4216-8EC9-A87B755F3CD4}.Debug|Any CPU.ActiveCfg = Debug|Any CPU
		{25E5F97E-B7E7-4216-8EC9-A87B755F3CD4}.Debug|Any CPU.Build.0 = Debug|Any CPU
		{25E5F97E-B7E7-4216-8EC9-A87B755F3CD4}.Release|Any CPU.ActiveCfg = Release|Any CPU
		{25E5F97E-B7E7-4216-8EC9-A87B755F3CD4}.Release|Any CPU.Build.0 = Release|Any CPU
		{5E608089-F030-49A5-B51A-0B8D990075FF}.Debug|Any CPU.ActiveCfg = Debug|Any CPU
		{5E608089-F030-49A5-B51A-0B8D990075FF}.Debug|Any CPU.Build.0 = Debug|Any CPU
		{5E608089-F030-49A5-B51A-0B8D990075FF}.Release|Any CPU.ActiveCfg = Release|Any CPU
		{5E608089-F030-49A5-B51A-0B8D990075FF}.Release|Any CPU.Build.0 = Release|Any CPU
		{DE4BA5C7-5518-4D31-8808-39DF8E09157A}.Debug|Any CPU.ActiveCfg = Debug|Any CPU
		{DE4BA5C7-5518-4D31-8808-39DF8E09157A}.Debug|Any CPU.Build.0 = Debug|Any CPU
		{DE4BA5C7-5518-4D31-8808-39DF8E09157A}.Release|Any CPU.ActiveCfg = Release|Any CPU
		{DE4BA5C7-5518-4D31-8808-39DF8E09157A}.Release|Any CPU.Build.0 = Release|Any CPU
		{55924F53-752F-4B16-A57E-F2F152EAFEA6}.Debug|Any CPU.ActiveCfg = Debug|Any CPU
		{55924F53-752F-4B16-A57E-F2F152EAFEA6}.Debug|Any CPU.Build.0 = Debug|Any CPU
		{55924F53-752F-4B16-A57E-F2F152EAFEA6}.Release|Any CPU.ActiveCfg = Release|Any CPU
		{55924F53-752F-4B16-A57E-F2F152EAFEA6}.Release|Any CPU.Build.0 = Release|Any CPU
		{A2512FCF-D95C-4108-8284-3FE629F92A25}.Debug|Any CPU.ActiveCfg = Debug|Any CPU
		{A2512FCF-D95C-4108-8284-3FE629F92A25}.Debug|Any CPU.Build.0 = Debug|Any CPU
		{A2512FCF-D95C-4108-8284-3FE629F92A25}.Release|Any CPU.ActiveCfg = Release|Any CPU
		{A2512FCF-D95C-4108-8284-3FE629F92A25}.Release|Any CPU.Build.0 = Release|Any CPU
		{ADEDF36D-5820-4EE4-9FA0-DF937D350B32}.Debug|Any CPU.ActiveCfg = Debug|Any CPU
		{ADEDF36D-5820-4EE4-9FA0-DF937D350B32}.Debug|Any CPU.Build.0 = Debug|Any CPU
		{ADEDF36D-5820-4EE4-9FA0-DF937D350B32}.Release|Any CPU.ActiveCfg = Release|Any CPU
		{ADEDF36D-5820-4EE4-9FA0-DF937D350B32}.Release|Any CPU.Build.0 = Release|Any CPU
		{34AE7122-C570-436A-8514-8AFC8DA37D9C}.Debug|Any CPU.ActiveCfg = Debug|Any CPU
		{34AE7122-C570-436A-8514-8AFC8DA37D9C}.Debug|Any CPU.Build.0 = Debug|Any CPU
		{34AE7122-C570-436A-8514-8AFC8DA37D9C}.Release|Any CPU.ActiveCfg = Release|Any CPU
		{34AE7122-C570-436A-8514-8AFC8DA37D9C}.Release|Any CPU.Build.0 = Release|Any CPU
		{C70E2D12-0020-4E34-AE2B-5186A737D09B}.Debug|Any CPU.ActiveCfg = Debug|Any CPU
		{C70E2D12-0020-4E34-AE2B-5186A737D09B}.Debug|Any CPU.Build.0 = Debug|Any CPU
		{C70E2D12-0020-4E34-AE2B-5186A737D09B}.Release|Any CPU.ActiveCfg = Release|Any CPU
		{C70E2D12-0020-4E34-AE2B-5186A737D09B}.Release|Any CPU.Build.0 = Release|Any CPU
	EndGlobalSection
	GlobalSection(SolutionProperties) = preSolution
		HideSolutionNode = FALSE
	EndGlobalSection
	GlobalSection(NestedProjects) = preSolution
		{FDDEA7B3-B6C0-46C1-B3E8-BEE405DF84BF} = {7658EEA2-1D9D-40DC-8B07-460D9B40ADB7}
		{3C204AF4-3E68-46AD-BFD1-BE9A656CFC54} = {B03FCB3D-93E5-4DD1-BEB2-F0B04185414A}
		{12C69654-3D6C-4C66-8E4F-4D467E705280} = {7658EEA2-1D9D-40DC-8B07-460D9B40ADB7}
		{4C39044B-4073-4D5B-90CB-E35F8A8A13DD} = {B397BFA2-E8F7-47E5-ADC6-3F22ED6992E5}
		{4C937826-6C10-43C2-A8E4-A704A821A981} = {B397BFA2-E8F7-47E5-ADC6-3F22ED6992E5}
		{61800D20-E960-4FDF-886E-D0B95F13E7D7} = {4C937826-6C10-43C2-A8E4-A704A821A981}
		{6B174394-8587-4D37-B879-4ACA65FB7872} = {4C937826-6C10-43C2-A8E4-A704A821A981}
		{C3625C6F-AE68-4A9C-A3ED-FC4157B8D36B} = {4C937826-6C10-43C2-A8E4-A704A821A981}
		{25E5F97E-B7E7-4216-8EC9-A87B755F3CD4} = {4C937826-6C10-43C2-A8E4-A704A821A981}
		{5E608089-F030-49A5-B51A-0B8D990075FF} = {B397BFA2-E8F7-47E5-ADC6-3F22ED6992E5}
		{DE4BA5C7-5518-4D31-8808-39DF8E09157A} = {C4AFBD69-F0A2-4D91-8146-366E85CE7E64}
		{BD75EB75-4E06-4E6F-AD64-950D9F021C94} = {B397BFA2-E8F7-47E5-ADC6-3F22ED6992E5}
		{55924F53-752F-4B16-A57E-F2F152EAFEA6} = {BD75EB75-4E06-4E6F-AD64-950D9F021C94}
		{A2512FCF-D95C-4108-8284-3FE629F92A25} = {BD75EB75-4E06-4E6F-AD64-950D9F021C94}
		{ADEDF36D-5820-4EE4-9FA0-DF937D350B32} = {BD75EB75-4E06-4E6F-AD64-950D9F021C94}
		{34AE7122-C570-436A-8514-8AFC8DA37D9C} = {BD75EB75-4E06-4E6F-AD64-950D9F021C94}
		{2E62489E-72DB-4437-9BFD-B7384D8D179C} = {B397BFA2-E8F7-47E5-ADC6-3F22ED6992E5}
		{C70E2D12-0020-4E34-AE2B-5186A737D09B} = {2E62489E-72DB-4437-9BFD-B7384D8D179C}
	EndGlobalSection
	GlobalSection(ExtensibilityGlobals) = postSolution
		SolutionGuid = {A6D77462-AB74-433B-A370-164743E60C39}
	EndGlobalSection
EndGlobal
