
Microsoft Visual Studio Solution File, Format Version 12.00
# Visual Studio Version 17
VisualStudioVersion = 17.11.35222.181
MinimumVisualStudioVersion = 10.0.40219.1
Project("{2150E333-8FDC-42A3-9474-1A3956D46DE8}") = "Services", "Services", "{B397BFA2-E8F7-47E5-ADC6-3F22ED6992E5}"
EndProject
Project("{2150E333-8FDC-42A3-9474-1A3956D46DE8}") = "BuildingBlocks", "BuildingBlocks", "{7658EEA2-1D9D-40DC-8B07-460D9B40ADB7}"
EndProject
Project("{9A19103F-16F7-4668-BE54-9A1E7A4F7556}") = "BuildingBlocks", "BuildingBlocks\BuildingBlocks\BuildingBlocks.csproj", "{FDDEA7B3-B6C0-46C1-B3E8-BEE405DF84BF}"
EndProject
Project("{9A19103F-16F7-4668-BE54-9A1E7A4F7556}") = "BuildingBlocks.Messaging", "BuildingBlocks\BuildingBlocks.Messaging\BuildingBlocks.Messaging.csproj", "{12C69654-3D6C-4C66-8E4F-4D467E705280}"
EndProject
Project("{E53339B2-1760-4266-BCC7-CA923CBCF16C}") = "docker-compose", "docker-compose.dcproj", "{C9B14402-7350-431B-B2D6-7805326DF945}"
EndProject
Project("{2150E333-8FDC-42A3-9474-1A3956D46DE8}") = "Ordering", "Ordering", "{4C937826-6C10-43C2-A8E4-A704A821A981}"
EndProject
Project("{9A19103F-16F7-4668-BE54-9A1E7A4F7556}") = "Ordering.Infrastructure", "Services\Ordering\Ordering.Infrastructure\Ordering.Infrastructure.csproj", "{61800D20-E960-4FDF-886E-D0B95F13E7D7}"
EndProject
Project("{9A19103F-16F7-4668-BE54-9A1E7A4F7556}") = "Ordering.Domain", "Services\Ordering\Ordering.Domain\Ordering.Domain.csproj", "{6B174394-8587-4D37-B879-4ACA65FB7872}"
EndProject
Project("{9A19103F-16F7-4668-BE54-9A1E7A4F7556}") = "Ordering.Application", "Services\Ordering\Ordering.Application\Ordering.Application.csproj", "{C3625C6F-AE68-4A9C-A3ED-FC4157B8D36B}"
EndProject
Project("{2150E333-8FDC-42A3-9474-1A3956D46DE8}") = "Notes", "Notes", "{4A710381-B6B4-45B5-AD03-B4BFB2B5E255}"
	ProjectSection(SolutionItems) = preProject
		AccessoryProduct.json = AccessoryProduct.json
		ClothingProducts.json = ClothingProducts.json
		Note = Note
		products.json = products.json
	EndProjectSection
EndProject
Project("{9A19103F-16F7-4668-BE54-9A1E7A4F7556}") = "Ordering.API", "Services\Ordering\Ordering.API\Ordering.API.csproj", "{25E5F97E-B7E7-4216-8EC9-A87B755F3CD4}"
EndProject
Project("{2150E333-8FDC-42A3-9474-1A3956D46DE8}") = "OcelotApiGateway", "OcelotApiGateway", "{C4AFBD69-F0A2-4D91-8146-366E85CE7E64}"
EndProject
Project("{9A19103F-16F7-4668-BE54-9A1E7A4F7556}") = "OcelotApiGateway", "OcelotApiGateway\OcelotApiGateway\OcelotApiGateway.csproj", "{DE4BA5C7-5518-4D31-8808-39DF8E09157A}"
EndProject
Project("{2150E333-8FDC-42A3-9474-1A3956D46DE8}") = "Catalog", "Catalog", "{BD75EB75-4E06-4E6F-AD64-950D9F021C94}"
EndProject
Project("{9A19103F-16F7-4668-BE54-9A1E7A4F7556}") = "Catalog.API", "Services\Catalog\Catalog.API\Catalog.API.csproj", "{55924F53-752F-4B16-A57E-F2F152EAFEA6}"
EndProject
Project("{9A19103F-16F7-4668-BE54-9A1E7A4F7556}") = "Catalog.Application", "Services\Catalog\Catalog.Application\Catalog.Application.csproj", "{A2512FCF-D95C-4108-8284-3FE629F92A25}"
EndProject
Project("{9A19103F-16F7-4668-BE54-9A1E7A4F7556}") = "Catalog.Domain", "Services\Catalog\Catalog.Domain\Catalog.Domain.csproj", "{ADEDF36D-5820-4EE4-9FA0-DF937D350B32}"
EndProject
Project("{9A19103F-16F7-4668-BE54-9A1E7A4F7556}") = "Catalog.Infrastructure", "Services\Catalog\Catalog.Infrastructure\Catalog.Infrastructure.csproj", "{34AE7122-C570-436A-8514-8AFC8DA37D9C}"
EndProject
Project("{2150E333-8FDC-42A3-9474-1A3956D46DE8}") = "ShoppingCart", "ShoppingCart", "{2E62489E-72DB-4437-9BFD-B7384D8D179C}"
EndProject
Project("{9A19103F-16F7-4668-BE54-9A1E7A4F7556}") = "ShoppingCart.API", "Services\ShoppingCart\ShoppingCart.API\ShoppingCart.API.csproj", "{C70E2D12-0020-4E34-AE2B-5186A737D09B}"
EndProject
Project("{2150E333-8FDC-42A3-9474-1A3956D46DE8}") = "Auth", "Auth", "{912EB845-4DA1-42C0-8B9E-1BCBDA915194}"
EndProject
Project("{9A19103F-16F7-4668-BE54-9A1E7A4F7556}") = "Auth.API", "Services\Auth\Auth.API\Auth.API.csproj", "{AABF8950-CAFD-429F-9D58-E33F7B1F1B4F}"
EndProject
Project("{9A19103F-16F7-4668-BE54-9A1E7A4F7556}") = "Ordering.Processor", "Services\Ordering\Ordering.Processor\Ordering.Processor.csproj", "{1FE9F460-EAA4-4D1D-B386-A5EFF13BB854}"
EndProject
Project("{2150E333-8FDC-42A3-9474-1A3956D46DE8}") = "Discount", "Discount", "{A9910D8F-FB05-451B-95DD-54840CE7971D}"
EndProject
Project("{FAE04EC0-301F-11D3-BF4B-00C04F79EFBC}") = "Discount.Grpc", "Services\Discount\Discount.Grpc\Discount.Grpc.csproj", "{A90E4091-F5D7-4BED-BA4A-6E7D4277A338}"
EndProject
Project("{FAE04EC0-301F-11D3-BF4B-00C04F79EFBC}") = "Discount.Domain", "Services\Discount\Discount.Domain\Discount.Domain.csproj", "{BB3BE1A1-6389-493A-BCD0-29C3DB0B5921}"
EndProject
Project("{FAE04EC0-301F-11D3-BF4B-00C04F79EFBC}") = "Discount.Application", "Services\Discount\Discount.Application\Discount.Application.csproj", "{813F740F-3E0B-486F-BA80-B2CBA17D80DD}"
EndProject
Project("{FAE04EC0-301F-11D3-BF4B-00C04F79EFBC}") = "Discount.Infrastructure", "Services\Discount\Discount.Infrastructure\Discount.Infrastructure.csproj", "{BBE88D77-EEC4-40BB-8F62-AB90DA78E478}"
EndProject
Global
	GlobalSection(SolutionConfigurationPlatforms) = preSolution
		Debug|Any CPU = Debug|Any CPU
		Release|Any CPU = Release|Any CPU
	EndGlobalSection
	GlobalSection(ProjectConfigurationPlatforms) = postSolution
		{FDDEA7B3-B6C0-46C1-B3E8-BEE405DF84BF}.Debug|Any CPU.ActiveCfg = Debug|Any CPU
		{FDDEA7B3-B6C0-46C1-B3E8-BEE405DF84BF}.Debug|Any CPU.Build.0 = Debug|Any CPU
		{FDDEA7B3-B6C0-46C1-B3E8-BEE405DF84BF}.Release|Any CPU.ActiveCfg = Release|Any CPU
		{FDDEA7B3-B6C0-46C1-B3E8-BEE405DF84BF}.Release|Any CPU.Build.0 = Release|Any CPU
		{12C69654-3D6C-4C66-8E4F-4D467E705280}.Debug|Any CPU.ActiveCfg = Debug|Any CPU
		{12C69654-3D6C-4C66-8E4F-4D467E705280}.Debug|Any CPU.Build.0 = Debug|Any CPU
		{12C69654-3D6C-4C66-8E4F-4D467E705280}.Release|Any CPU.ActiveCfg = Release|Any CPU
		{12C69654-3D6C-4C66-8E4F-4D467E705280}.Release|Any CPU.Build.0 = Release|Any CPU
		{C9B14402-7350-431B-B2D6-7805326DF945}.Debug|Any CPU.ActiveCfg = Debug|Any CPU
		{C9B14402-7350-431B-B2D6-7805326DF945}.Debug|Any CPU.Build.0 = Debug|Any CPU
		{C9B14402-7350-431B-B2D6-7805326DF945}.Release|Any CPU.ActiveCfg = Release|Any CPU
		{C9B14402-7350-431B-B2D6-7805326DF945}.Release|Any CPU.Build.0 = Release|Any CPU
		{61800D20-E960-4FDF-886E-D0B95F13E7D7}.Debug|Any CPU.ActiveCfg = Debug|Any CPU
		{61800D20-E960-4FDF-886E-D0B95F13E7D7}.Debug|Any CPU.Build.0 = Debug|Any CPU
		{61800D20-E960-4FDF-886E-D0B95F13E7D7}.Release|Any CPU.ActiveCfg = Release|Any CPU
		{61800D20-E960-4FDF-886E-D0B95F13E7D7}.Release|Any CPU.Build.0 = Release|Any CPU
		{6B174394-8587-4D37-B879-4ACA65FB7872}.Debug|Any CPU.ActiveCfg = Debug|Any CPU
		{6B174394-8587-4D37-B879-4ACA65FB7872}.Debug|Any CPU.Build.0 = Debug|Any CPU
		{6B174394-8587-4D37-B879-4ACA65FB7872}.Release|Any CPU.ActiveCfg = Release|Any CPU
		{6B174394-8587-4D37-B879-4ACA65FB7872}.Release|Any CPU.Build.0 = Release|Any CPU
		{C3625C6F-AE68-4A9C-A3ED-FC4157B8D36B}.Debug|Any CPU.ActiveCfg = Debug|Any CPU
		{C3625C6F-AE68-4A9C-A3ED-FC4157B8D36B}.Debug|Any CPU.Build.0 = Debug|Any CPU
		{C3625C6F-AE68-4A9C-A3ED-FC4157B8D36B}.Release|Any CPU.ActiveCfg = Release|Any CPU
		{C3625C6F-AE68-4A9C-A3ED-FC4157B8D36B}.Release|Any CPU.Build.0 = Release|Any CPU
		{25E5F97E-B7E7-4216-8EC9-A87B755F3CD4}.Debug|Any CPU.ActiveCfg = Debug|Any CPU
		{25E5F97E-B7E7-4216-8EC9-A87B755F3CD4}.Debug|Any CPU.Build.0 = Debug|Any CPU
		{25E5F97E-B7E7-4216-8EC9-A87B755F3CD4}.Release|Any CPU.ActiveCfg = Release|Any CPU
		{25E5F97E-B7E7-4216-8EC9-A87B755F3CD4}.Release|Any CPU.Build.0 = Release|Any CPU
		{DE4BA5C7-5518-4D31-8808-39DF8E09157A}.Debug|Any CPU.ActiveCfg = Debug|Any CPU
		{DE4BA5C7-5518-4D31-8808-39DF8E09157A}.Debug|Any CPU.Build.0 = Debug|Any CPU
		{DE4BA5C7-5518-4D31-8808-39DF8E09157A}.Release|Any CPU.ActiveCfg = Release|Any CPU
		{DE4BA5C7-5518-4D31-8808-39DF8E09157A}.Release|Any CPU.Build.0 = Release|Any CPU
		{55924F53-752F-4B16-A57E-F2F152EAFEA6}.Debug|Any CPU.ActiveCfg = Debug|Any CPU
		{55924F53-752F-4B16-A57E-F2F152EAFEA6}.Debug|Any CPU.Build.0 = Debug|Any CPU
		{55924F53-752F-4B16-A57E-F2F152EAFEA6}.Release|Any CPU.ActiveCfg = Release|Any CPU
		{55924F53-752F-4B16-A57E-F2F152EAFEA6}.Release|Any CPU.Build.0 = Release|Any CPU
		{A2512FCF-D95C-4108-8284-3FE629F92A25}.Debug|Any CPU.ActiveCfg = Debug|Any CPU
		{A2512FCF-D95C-4108-8284-3FE629F92A25}.Debug|Any CPU.Build.0 = Debug|Any CPU
		{A2512FCF-D95C-4108-8284-3FE629F92A25}.Release|Any CPU.ActiveCfg = Release|Any CPU
		{A2512FCF-D95C-4108-8284-3FE629F92A25}.Release|Any CPU.Build.0 = Release|Any CPU
		{ADEDF36D-5820-4EE4-9FA0-DF937D350B32}.Debug|Any CPU.ActiveCfg = Debug|Any CPU
		{ADEDF36D-5820-4EE4-9FA0-DF937D350B32}.Debug|Any CPU.Build.0 = Debug|Any CPU
		{ADEDF36D-5820-4EE4-9FA0-DF937D350B32}.Release|Any CPU.ActiveCfg = Release|Any CPU
		{ADEDF36D-5820-4EE4-9FA0-DF937D350B32}.Release|Any CPU.Build.0 = Release|Any CPU
		{34AE7122-C570-436A-8514-8AFC8DA37D9C}.Debug|Any CPU.ActiveCfg = Debug|Any CPU
		{34AE7122-C570-436A-8514-8AFC8DA37D9C}.Debug|Any CPU.Build.0 = Debug|Any CPU
		{34AE7122-C570-436A-8514-8AFC8DA37D9C}.Release|Any CPU.ActiveCfg = Release|Any CPU
		{34AE7122-C570-436A-8514-8AFC8DA37D9C}.Release|Any CPU.Build.0 = Release|Any CPU
		{C70E2D12-0020-4E34-AE2B-5186A737D09B}.Debug|Any CPU.ActiveCfg = Debug|Any CPU
		{C70E2D12-0020-4E34-AE2B-5186A737D09B}.Debug|Any CPU.Build.0 = Debug|Any CPU
		{C70E2D12-0020-4E34-AE2B-5186A737D09B}.Release|Any CPU.ActiveCfg = Release|Any CPU
		{C70E2D12-0020-4E34-AE2B-5186A737D09B}.Release|Any CPU.Build.0 = Release|Any CPU
		{AABF8950-CAFD-429F-9D58-E33F7B1F1B4F}.Debug|Any CPU.ActiveCfg = Debug|Any CPU
		{AABF8950-CAFD-429F-9D58-E33F7B1F1B4F}.Debug|Any CPU.Build.0 = Debug|Any CPU
		{AABF8950-CAFD-429F-9D58-E33F7B1F1B4F}.Release|Any CPU.ActiveCfg = Release|Any CPU
		{AABF8950-CAFD-429F-9D58-E33F7B1F1B4F}.Release|Any CPU.Build.0 = Release|Any CPU
		{1FE9F460-EAA4-4D1D-B386-A5EFF13BB854}.Debug|Any CPU.ActiveCfg = Debug|Any CPU
		{1FE9F460-EAA4-4D1D-B386-A5EFF13BB854}.Debug|Any CPU.Build.0 = Debug|Any CPU
		{1FE9F460-EAA4-4D1D-B386-A5EFF13BB854}.Release|Any CPU.ActiveCfg = Release|Any CPU
		{1FE9F460-EAA4-4D1D-B386-A5EFF13BB854}.Release|Any CPU.Build.0 = Release|Any CPU
		{A90E4091-F5D7-4BED-BA4A-6E7D4277A338}.Debug|Any CPU.ActiveCfg = Debug|Any CPU
		{A90E4091-F5D7-4BED-BA4A-6E7D4277A338}.Debug|Any CPU.Build.0 = Debug|Any CPU
		{A90E4091-F5D7-4BED-BA4A-6E7D4277A338}.Release|Any CPU.ActiveCfg = Release|Any CPU
		{A90E4091-F5D7-4BED-BA4A-6E7D4277A338}.Release|Any CPU.Build.0 = Release|Any CPU
		{BB3BE1A1-6389-493A-BCD0-29C3DB0B5921}.Debug|Any CPU.ActiveCfg = Debug|Any CPU
		{BB3BE1A1-6389-493A-BCD0-29C3DB0B5921}.Debug|Any CPU.Build.0 = Debug|Any CPU
		{BB3BE1A1-6389-493A-BCD0-29C3DB0B5921}.Release|Any CPU.ActiveCfg = Release|Any CPU
		{BB3BE1A1-6389-493A-BCD0-29C3DB0B5921}.Release|Any CPU.Build.0 = Release|Any CPU
		{813F740F-3E0B-486F-BA80-B2CBA17D80DD}.Debug|Any CPU.ActiveCfg = Debug|Any CPU
		{813F740F-3E0B-486F-BA80-B2CBA17D80DD}.Debug|Any CPU.Build.0 = Debug|Any CPU
		{813F740F-3E0B-486F-BA80-B2CBA17D80DD}.Release|Any CPU.ActiveCfg = Release|Any CPU
		{813F740F-3E0B-486F-BA80-B2CBA17D80DD}.Release|Any CPU.Build.0 = Release|Any CPU
		{BBE88D77-EEC4-40BB-8F62-AB90DA78E478}.Debug|Any CPU.ActiveCfg = Debug|Any CPU
		{BBE88D77-EEC4-40BB-8F62-AB90DA78E478}.Debug|Any CPU.Build.0 = Debug|Any CPU
		{BBE88D77-EEC4-40BB-8F62-AB90DA78E478}.Release|Any CPU.ActiveCfg = Release|Any CPU
		{BBE88D77-EEC4-40BB-8F62-AB90DA78E478}.Release|Any CPU.Build.0 = Release|Any CPU
	EndGlobalSection
	GlobalSection(SolutionProperties) = preSolution
		HideSolutionNode = FALSE
	EndGlobalSection
	GlobalSection(NestedProjects) = preSolution
		{FDDEA7B3-B6C0-46C1-B3E8-BEE405DF84BF} = {7658EEA2-1D9D-40DC-8B07-460D9B40ADB7}
		{12C69654-3D6C-4C66-8E4F-4D467E705280} = {7658EEA2-1D9D-40DC-8B07-460D9B40ADB7}
		{4C937826-6C10-43C2-A8E4-A704A821A981} = {B397BFA2-E8F7-47E5-ADC6-3F22ED6992E5}
		{61800D20-E960-4FDF-886E-D0B95F13E7D7} = {4C937826-6C10-43C2-A8E4-A704A821A981}
		{6B174394-8587-4D37-B879-4ACA65FB7872} = {4C937826-6C10-43C2-A8E4-A704A821A981}
		{C3625C6F-AE68-4A9C-A3ED-FC4157B8D36B} = {4C937826-6C10-43C2-A8E4-A704A821A981}
		{25E5F97E-B7E7-4216-8EC9-A87B755F3CD4} = {4C937826-6C10-43C2-A8E4-A704A821A981}
		{DE4BA5C7-5518-4D31-8808-39DF8E09157A} = {C4AFBD69-F0A2-4D91-8146-366E85CE7E64}
		{BD75EB75-4E06-4E6F-AD64-950D9F021C94} = {B397BFA2-E8F7-47E5-ADC6-3F22ED6992E5}
		{55924F53-752F-4B16-A57E-F2F152EAFEA6} = {BD75EB75-4E06-4E6F-AD64-950D9F021C94}
		{A2512FCF-D95C-4108-8284-3FE629F92A25} = {BD75EB75-4E06-4E6F-AD64-950D9F021C94}
		{ADEDF36D-5820-4EE4-9FA0-DF937D350B32} = {BD75EB75-4E06-4E6F-AD64-950D9F021C94}
		{34AE7122-C570-436A-8514-8AFC8DA37D9C} = {BD75EB75-4E06-4E6F-AD64-950D9F021C94}
		{2E62489E-72DB-4437-9BFD-B7384D8D179C} = {B397BFA2-E8F7-47E5-ADC6-3F22ED6992E5}
		{C70E2D12-0020-4E34-AE2B-5186A737D09B} = {2E62489E-72DB-4437-9BFD-B7384D8D179C}
		{912EB845-4DA1-42C0-8B9E-1BCBDA915194} = {B397BFA2-E8F7-47E5-ADC6-3F22ED6992E5}
		{AABF8950-CAFD-429F-9D58-E33F7B1F1B4F} = {912EB845-4DA1-42C0-8B9E-1BCBDA915194}
		{1FE9F460-EAA4-4D1D-B386-A5EFF13BB854} = {4C937826-6C10-43C2-A8E4-A704A821A981}
		{A9910D8F-FB05-451B-95DD-54840CE7971D} = {B397BFA2-E8F7-47E5-ADC6-3F22ED6992E5}
		{A90E4091-F5D7-4BED-BA4A-6E7D4277A338} = {A9910D8F-FB05-451B-95DD-54840CE7971D}
		{BB3BE1A1-6389-493A-BCD0-29C3DB0B5921} = {A9910D8F-FB05-451B-95DD-54840CE7971D}
		{813F740F-3E0B-486F-BA80-B2CBA17D80DD} = {A9910D8F-FB05-451B-95DD-54840CE7971D}
		{BBE88D77-EEC4-40BB-8F62-AB90DA78E478} = {A9910D8F-FB05-451B-95DD-54840CE7971D}
	EndGlobalSection
	GlobalSection(ExtensibilityGlobals) = postSolution
		SolutionGuid = {A6D77462-AB74-433B-A370-164743E60C39}
	EndGlobalSection
EndGlobal
